
Microsoft Visual Studio Solution File, Format Version 12.00
# Visual Studio Version 16
VisualStudioVersion = 16.0.30611.23
MinimumVisualStudioVersion = 10.0.40219.1
Project("{FAE04EC0-301F-11D3-BF4B-00C04F79EFBC}") = "WebApiCoreReference", "WebApiCoreReference\WebApiCoreReference.csproj", "{8A4D8AEA-8255-4B58-8A81-A08EF324D80F}"
EndProject
Project("{FAE04EC0-301F-11D3-BF4B-00C04F79EFBC}") = "BlazorAppClient", "BlazorAppClient\BlazorAppClient.csproj", "{102B178D-02B1-4353-BCE1-8877188DCFA3}"
EndProject
Global
	GlobalSection(SolutionConfigurationPlatforms) = preSolution
		Debug|Any CPU = Debug|Any CPU
		Release|Any CPU = Release|Any CPU
	EndGlobalSection
	GlobalSection(ProjectConfigurationPlatforms) = postSolution
		{8A4D8AEA-8255-4B58-8A81-A08EF324D80F}.Debug|Any CPU.ActiveCfg = Debug|Any CPU
		{8A4D8AEA-8255-4B58-8A81-A08EF324D80F}.Debug|Any CPU.Build.0 = Debug|Any CPU
		{8A4D8AEA-8255-4B58-8A81-A08EF324D80F}.Release|Any CPU.ActiveCfg = Release|Any CPU
		{8A4D8AEA-8255-4B58-8A81-A08EF324D80F}.Release|Any CPU.Build.0 = Release|Any CPU
		{102B178D-02B1-4353-BCE1-8877188DCFA3}.Debug|Any CPU.ActiveCfg = Debug|Any CPU
		{102B178D-02B1-4353-BCE1-8877188DCFA3}.Debug|Any CPU.Build.0 = Debug|Any CPU
		{102B178D-02B1-4353-BCE1-8877188DCFA3}.Release|Any CPU.ActiveCfg = Release|Any CPU
		{102B178D-02B1-4353-BCE1-8877188DCFA3}.Release|Any CPU.Build.0 = Release|Any CPU
	EndGlobalSection
	GlobalSection(SolutionProperties) = preSolution
		HideSolutionNode = FALSE
	EndGlobalSection
	GlobalSection(ExtensibilityGlobals) = postSolution
		SolutionGuid = {FD9DFF98-84AF-4289-8680-D3C4C1127ABD}
	EndGlobalSection
EndGlobal
